
Microsoft Visual Studio Solution File, Format Version 12.00
# Visual Studio 15
VisualStudioVersion = 15.0.27703.2042
MinimumVisualStudioVersion = 10.0.40219.1
Project("{8BC9CEB8-8B4A-11D0-8D11-00A0C91BC942}") = "BAEKJOON", "BAEKJOON\BAEKJOON.vcxproj", "{CEEAB7DF-4B46-4454-9420-95DB14DD3999}"
EndProject
Project("{8BC9CEB8-8B4A-11D0-8D11-00A0C91BC942}") = "TEST", "TEST\TEST.vcxproj", "{6A81B53A-C887-41B9-8EE1-AD62DAC48D86}"
EndProject
Project("{8BC9CEB8-8B4A-11D0-8D11-00A0C91BC942}") = "1932", "1932\1932.vcxproj", "{4882954F-6F2D-4E61-8485-C2E18259B187}"
EndProject
Project("{8BC9CEB8-8B4A-11D0-8D11-00A0C91BC942}") = "2579", "2579\2579.vcxproj", "{19D1AB61-88DD-4F64-8F14-DC64F92457EA}"
EndProject
Project("{8BC9CEB8-8B4A-11D0-8D11-00A0C91BC942}") = "7576", "7576\7576.vcxproj", "{EAA24D28-D058-4271-8F58-709A61400321}"
EndProject
Project("{8BC9CEB8-8B4A-11D0-8D11-00A0C91BC942}") = "7569", "7569\7569.vcxproj", "{25817480-35AD-433F-82CD-45EEE4F268D4}"
EndProject
Project("{8BC9CEB8-8B4A-11D0-8D11-00A0C91BC942}") = "15806", "15806\15806.vcxproj", "{9B555043-A385-49EE-8EAA-DE2A257B6491}"
EndProject
Project("{8BC9CEB8-8B4A-11D0-8D11-00A0C91BC942}") = "2455", "2455\2455.vcxproj", "{79360E53-4BF0-4820-9BBC-6D6A2C0FB26C}"
EndProject
Project("{8BC9CEB8-8B4A-11D0-8D11-00A0C91BC942}") = "2455_@", "2455_@\2455_@.vcxproj", "{42494D90-60D1-4767-963D-C3EC93259D22}"
EndProject
Project("{8BC9CEB8-8B4A-11D0-8D11-00A0C91BC942}") = "1547", "1547\1547.vcxproj", "{DA83E2D5-51E7-4F70-BA44-3BF74BC9DC7E}"
EndProject
Project("{8BC9CEB8-8B4A-11D0-8D11-00A0C91BC942}") = "blind7", "blind7\blind7.vcxproj", "{39C7E6C4-43B4-4ABE-980B-A34C2722219A}"
EndProject
Project("{8BC9CEB8-8B4A-11D0-8D11-00A0C91BC942}") = "1238", "1238\1238.vcxproj", "{6623D82C-ECC3-4C8D-B772-A0654E5A11A5}"
EndProject
Project("{8BC9CEB8-8B4A-11D0-8D11-00A0C91BC942}") = "1238_@", "1238_@\1238_@.vcxproj", "{63934A88-6B1E-4106-B77E-FBD60A48CDFF}"
EndProject
Project("{8BC9CEB8-8B4A-11D0-8D11-00A0C91BC942}") = "14502", "14502\14502.vcxproj", "{023D507F-9CC0-420E-A08E-DED305E48993}"
EndProject
Project("{8BC9CEB8-8B4A-11D0-8D11-00A0C91BC942}") = "1202", "1202\1202.vcxproj", "{4FD7A054-BA2A-4771-8497-6DE1FB84E9E7}"
EndProject
Project("{8BC9CEB8-8B4A-11D0-8D11-00A0C91BC942}") = "factorial", "factorial\factorial.vcxproj", "{A3E95EEC-EBD3-41FC-980A-6FBADE84F904}"
EndProject
Project("{8BC9CEB8-8B4A-11D0-8D11-00A0C91BC942}") = "5373", "5373\5373.vcxproj", "{237EE32B-A90C-450A-9C04-BBA26E5CB0C3}"
EndProject
Global
	GlobalSection(SolutionConfigurationPlatforms) = preSolution
		Debug|x64 = Debug|x64
		Debug|x86 = Debug|x86
		Release|x64 = Release|x64
		Release|x86 = Release|x86
	EndGlobalSection
	GlobalSection(ProjectConfigurationPlatforms) = postSolution
		{CEEAB7DF-4B46-4454-9420-95DB14DD3999}.Debug|x64.ActiveCfg = Debug|x64
		{CEEAB7DF-4B46-4454-9420-95DB14DD3999}.Debug|x64.Build.0 = Debug|x64
		{CEEAB7DF-4B46-4454-9420-95DB14DD3999}.Debug|x86.ActiveCfg = Debug|Win32
		{CEEAB7DF-4B46-4454-9420-95DB14DD3999}.Debug|x86.Build.0 = Debug|Win32
		{CEEAB7DF-4B46-4454-9420-95DB14DD3999}.Release|x64.ActiveCfg = Release|x64
		{CEEAB7DF-4B46-4454-9420-95DB14DD3999}.Release|x64.Build.0 = Release|x64
		{CEEAB7DF-4B46-4454-9420-95DB14DD3999}.Release|x86.ActiveCfg = Release|Win32
		{CEEAB7DF-4B46-4454-9420-95DB14DD3999}.Release|x86.Build.0 = Release|Win32
		{6A81B53A-C887-41B9-8EE1-AD62DAC48D86}.Debug|x64.ActiveCfg = Debug|x64
		{6A81B53A-C887-41B9-8EE1-AD62DAC48D86}.Debug|x64.Build.0 = Debug|x64
		{6A81B53A-C887-41B9-8EE1-AD62DAC48D86}.Debug|x86.ActiveCfg = Debug|Win32
		{6A81B53A-C887-41B9-8EE1-AD62DAC48D86}.Debug|x86.Build.0 = Debug|Win32
		{6A81B53A-C887-41B9-8EE1-AD62DAC48D86}.Release|x64.ActiveCfg = Release|x64
		{6A81B53A-C887-41B9-8EE1-AD62DAC48D86}.Release|x64.Build.0 = Release|x64
		{6A81B53A-C887-41B9-8EE1-AD62DAC48D86}.Release|x86.ActiveCfg = Release|Win32
		{6A81B53A-C887-41B9-8EE1-AD62DAC48D86}.Release|x86.Build.0 = Release|Win32
		{4882954F-6F2D-4E61-8485-C2E18259B187}.Debug|x64.ActiveCfg = Debug|x64
		{4882954F-6F2D-4E61-8485-C2E18259B187}.Debug|x64.Build.0 = Debug|x64
		{4882954F-6F2D-4E61-8485-C2E18259B187}.Debug|x86.ActiveCfg = Debug|Win32
		{4882954F-6F2D-4E61-8485-C2E18259B187}.Debug|x86.Build.0 = Debug|Win32
		{4882954F-6F2D-4E61-8485-C2E18259B187}.Release|x64.ActiveCfg = Release|x64
		{4882954F-6F2D-4E61-8485-C2E18259B187}.Release|x64.Build.0 = Release|x64
		{4882954F-6F2D-4E61-8485-C2E18259B187}.Release|x86.ActiveCfg = Release|Win32
		{4882954F-6F2D-4E61-8485-C2E18259B187}.Release|x86.Build.0 = Release|Win32
		{19D1AB61-88DD-4F64-8F14-DC64F92457EA}.Debug|x64.ActiveCfg = Debug|x64
		{19D1AB61-88DD-4F64-8F14-DC64F92457EA}.Debug|x64.Build.0 = Debug|x64
		{19D1AB61-88DD-4F64-8F14-DC64F92457EA}.Debug|x86.ActiveCfg = Debug|Win32
		{19D1AB61-88DD-4F64-8F14-DC64F92457EA}.Debug|x86.Build.0 = Debug|Win32
		{19D1AB61-88DD-4F64-8F14-DC64F92457EA}.Release|x64.ActiveCfg = Release|x64
		{19D1AB61-88DD-4F64-8F14-DC64F92457EA}.Release|x64.Build.0 = Release|x64
		{19D1AB61-88DD-4F64-8F14-DC64F92457EA}.Release|x86.ActiveCfg = Release|Win32
		{19D1AB61-88DD-4F64-8F14-DC64F92457EA}.Release|x86.Build.0 = Release|Win32
		{EAA24D28-D058-4271-8F58-709A61400321}.Debug|x64.ActiveCfg = Debug|x64
		{EAA24D28-D058-4271-8F58-709A61400321}.Debug|x64.Build.0 = Debug|x64
		{EAA24D28-D058-4271-8F58-709A61400321}.Debug|x86.ActiveCfg = Debug|Win32
		{EAA24D28-D058-4271-8F58-709A61400321}.Debug|x86.Build.0 = Debug|Win32
		{EAA24D28-D058-4271-8F58-709A61400321}.Release|x64.ActiveCfg = Release|x64
		{EAA24D28-D058-4271-8F58-709A61400321}.Release|x64.Build.0 = Release|x64
		{EAA24D28-D058-4271-8F58-709A61400321}.Release|x86.ActiveCfg = Release|Win32
		{EAA24D28-D058-4271-8F58-709A61400321}.Release|x86.Build.0 = Release|Win32
		{25817480-35AD-433F-82CD-45EEE4F268D4}.Debug|x64.ActiveCfg = Debug|x64
		{25817480-35AD-433F-82CD-45EEE4F268D4}.Debug|x64.Build.0 = Debug|x64
		{25817480-35AD-433F-82CD-45EEE4F268D4}.Debug|x86.ActiveCfg = Debug|Win32
		{25817480-35AD-433F-82CD-45EEE4F268D4}.Debug|x86.Build.0 = Debug|Win32
		{25817480-35AD-433F-82CD-45EEE4F268D4}.Release|x64.ActiveCfg = Release|x64
		{25817480-35AD-433F-82CD-45EEE4F268D4}.Release|x64.Build.0 = Release|x64
		{25817480-35AD-433F-82CD-45EEE4F268D4}.Release|x86.ActiveCfg = Release|Win32
		{25817480-35AD-433F-82CD-45EEE4F268D4}.Release|x86.Build.0 = Release|Win32
		{9B555043-A385-49EE-8EAA-DE2A257B6491}.Debug|x64.ActiveCfg = Debug|x64
		{9B555043-A385-49EE-8EAA-DE2A257B6491}.Debug|x64.Build.0 = Debug|x64
		{9B555043-A385-49EE-8EAA-DE2A257B6491}.Debug|x86.ActiveCfg = Debug|Win32
		{9B555043-A385-49EE-8EAA-DE2A257B6491}.Debug|x86.Build.0 = Debug|Win32
		{9B555043-A385-49EE-8EAA-DE2A257B6491}.Release|x64.ActiveCfg = Release|x64
		{9B555043-A385-49EE-8EAA-DE2A257B6491}.Release|x64.Build.0 = Release|x64
		{9B555043-A385-49EE-8EAA-DE2A257B6491}.Release|x86.ActiveCfg = Release|Win32
		{9B555043-A385-49EE-8EAA-DE2A257B6491}.Release|x86.Build.0 = Release|Win32
		{79360E53-4BF0-4820-9BBC-6D6A2C0FB26C}.Debug|x64.ActiveCfg = Debug|x64
		{79360E53-4BF0-4820-9BBC-6D6A2C0FB26C}.Debug|x64.Build.0 = Debug|x64
		{79360E53-4BF0-4820-9BBC-6D6A2C0FB26C}.Debug|x86.ActiveCfg = Debug|Win32
		{79360E53-4BF0-4820-9BBC-6D6A2C0FB26C}.Debug|x86.Build.0 = Debug|Win32
		{79360E53-4BF0-4820-9BBC-6D6A2C0FB26C}.Release|x64.ActiveCfg = Release|x64
		{79360E53-4BF0-4820-9BBC-6D6A2C0FB26C}.Release|x64.Build.0 = Release|x64
		{79360E53-4BF0-4820-9BBC-6D6A2C0FB26C}.Release|x86.ActiveCfg = Release|Win32
		{79360E53-4BF0-4820-9BBC-6D6A2C0FB26C}.Release|x86.Build.0 = Release|Win32
		{42494D90-60D1-4767-963D-C3EC93259D22}.Debug|x64.ActiveCfg = Debug|x64
		{42494D90-60D1-4767-963D-C3EC93259D22}.Debug|x64.Build.0 = Debug|x64
		{42494D90-60D1-4767-963D-C3EC93259D22}.Debug|x86.ActiveCfg = Debug|Win32
		{42494D90-60D1-4767-963D-C3EC93259D22}.Debug|x86.Build.0 = Debug|Win32
		{42494D90-60D1-4767-963D-C3EC93259D22}.Release|x64.ActiveCfg = Release|x64
		{42494D90-60D1-4767-963D-C3EC93259D22}.Release|x64.Build.0 = Release|x64
		{42494D90-60D1-4767-963D-C3EC93259D22}.Release|x86.ActiveCfg = Release|Win32
		{42494D90-60D1-4767-963D-C3EC93259D22}.Release|x86.Build.0 = Release|Win32
		{DA83E2D5-51E7-4F70-BA44-3BF74BC9DC7E}.Debug|x64.ActiveCfg = Debug|x64
		{DA83E2D5-51E7-4F70-BA44-3BF74BC9DC7E}.Debug|x64.Build.0 = Debug|x64
		{DA83E2D5-51E7-4F70-BA44-3BF74BC9DC7E}.Debug|x86.ActiveCfg = Debug|Win32
		{DA83E2D5-51E7-4F70-BA44-3BF74BC9DC7E}.Debug|x86.Build.0 = Debug|Win32
		{DA83E2D5-51E7-4F70-BA44-3BF74BC9DC7E}.Release|x64.ActiveCfg = Release|x64
		{DA83E2D5-51E7-4F70-BA44-3BF74BC9DC7E}.Release|x64.Build.0 = Release|x64
		{DA83E2D5-51E7-4F70-BA44-3BF74BC9DC7E}.Release|x86.ActiveCfg = Release|Win32
		{DA83E2D5-51E7-4F70-BA44-3BF74BC9DC7E}.Release|x86.Build.0 = Release|Win32
		{39C7E6C4-43B4-4ABE-980B-A34C2722219A}.Debug|x64.ActiveCfg = Debug|x64
		{39C7E6C4-43B4-4ABE-980B-A34C2722219A}.Debug|x64.Build.0 = Debug|x64
		{39C7E6C4-43B4-4ABE-980B-A34C2722219A}.Debug|x86.ActiveCfg = Debug|Win32
		{39C7E6C4-43B4-4ABE-980B-A34C2722219A}.Debug|x86.Build.0 = Debug|Win32
		{39C7E6C4-43B4-4ABE-980B-A34C2722219A}.Release|x64.ActiveCfg = Release|x64
		{39C7E6C4-43B4-4ABE-980B-A34C2722219A}.Release|x64.Build.0 = Release|x64
		{39C7E6C4-43B4-4ABE-980B-A34C2722219A}.Release|x86.ActiveCfg = Release|Win32
		{39C7E6C4-43B4-4ABE-980B-A34C2722219A}.Release|x86.Build.0 = Release|Win32
		{6623D82C-ECC3-4C8D-B772-A0654E5A11A5}.Debug|x64.ActiveCfg = Debug|x64
		{6623D82C-ECC3-4C8D-B772-A0654E5A11A5}.Debug|x64.Build.0 = Debug|x64
		{6623D82C-ECC3-4C8D-B772-A0654E5A11A5}.Debug|x86.ActiveCfg = Debug|Win32
		{6623D82C-ECC3-4C8D-B772-A0654E5A11A5}.Debug|x86.Build.0 = Debug|Win32
		{6623D82C-ECC3-4C8D-B772-A0654E5A11A5}.Release|x64.ActiveCfg = Release|x64
		{6623D82C-ECC3-4C8D-B772-A0654E5A11A5}.Release|x64.Build.0 = Release|x64
		{6623D82C-ECC3-4C8D-B772-A0654E5A11A5}.Release|x86.ActiveCfg = Release|Win32
		{6623D82C-ECC3-4C8D-B772-A0654E5A11A5}.Release|x86.Build.0 = Release|Win32
		{63934A88-6B1E-4106-B77E-FBD60A48CDFF}.Debug|x64.ActiveCfg = Debug|x64
		{63934A88-6B1E-4106-B77E-FBD60A48CDFF}.Debug|x64.Build.0 = Debug|x64
		{63934A88-6B1E-4106-B77E-FBD60A48CDFF}.Debug|x86.ActiveCfg = Debug|Win32
		{63934A88-6B1E-4106-B77E-FBD60A48CDFF}.Debug|x86.Build.0 = Debug|Win32
		{63934A88-6B1E-4106-B77E-FBD60A48CDFF}.Release|x64.ActiveCfg = Release|x64
		{63934A88-6B1E-4106-B77E-FBD60A48CDFF}.Release|x64.Build.0 = Release|x64
		{63934A88-6B1E-4106-B77E-FBD60A48CDFF}.Release|x86.ActiveCfg = Release|Win32
		{63934A88-6B1E-4106-B77E-FBD60A48CDFF}.Release|x86.Build.0 = Release|Win32
		{023D507F-9CC0-420E-A08E-DED305E48993}.Debug|x64.ActiveCfg = Debug|x64
		{023D507F-9CC0-420E-A08E-DED305E48993}.Debug|x64.Build.0 = Debug|x64
		{023D507F-9CC0-420E-A08E-DED305E48993}.Debug|x86.ActiveCfg = Debug|Win32
		{023D507F-9CC0-420E-A08E-DED305E48993}.Debug|x86.Build.0 = Debug|Win32
		{023D507F-9CC0-420E-A08E-DED305E48993}.Release|x64.ActiveCfg = Release|x64
		{023D507F-9CC0-420E-A08E-DED305E48993}.Release|x64.Build.0 = Release|x64
		{023D507F-9CC0-420E-A08E-DED305E48993}.Release|x86.ActiveCfg = Release|Win32
		{023D507F-9CC0-420E-A08E-DED305E48993}.Release|x86.Build.0 = Release|Win32
		{4FD7A054-BA2A-4771-8497-6DE1FB84E9E7}.Debug|x64.ActiveCfg = Debug|x64
		{4FD7A054-BA2A-4771-8497-6DE1FB84E9E7}.Debug|x64.Build.0 = Debug|x64
		{4FD7A054-BA2A-4771-8497-6DE1FB84E9E7}.Debug|x86.ActiveCfg = Debug|Win32
		{4FD7A054-BA2A-4771-8497-6DE1FB84E9E7}.Debug|x86.Build.0 = Debug|Win32
		{4FD7A054-BA2A-4771-8497-6DE1FB84E9E7}.Release|x64.ActiveCfg = Release|x64
		{4FD7A054-BA2A-4771-8497-6DE1FB84E9E7}.Release|x64.Build.0 = Release|x64
		{4FD7A054-BA2A-4771-8497-6DE1FB84E9E7}.Release|x86.ActiveCfg = Release|Win32
		{4FD7A054-BA2A-4771-8497-6DE1FB84E9E7}.Release|x86.Build.0 = Release|Win32
		{A3E95EEC-EBD3-41FC-980A-6FBADE84F904}.Debug|x64.ActiveCfg = Debug|x64
		{A3E95EEC-EBD3-41FC-980A-6FBADE84F904}.Debug|x64.Build.0 = Debug|x64
		{A3E95EEC-EBD3-41FC-980A-6FBADE84F904}.Debug|x86.ActiveCfg = Debug|Win32
		{A3E95EEC-EBD3-41FC-980A-6FBADE84F904}.Debug|x86.Build.0 = Debug|Win32
		{A3E95EEC-EBD3-41FC-980A-6FBADE84F904}.Release|x64.ActiveCfg = Release|x64
		{A3E95EEC-EBD3-41FC-980A-6FBADE84F904}.Release|x64.Build.0 = Release|x64
		{A3E95EEC-EBD3-41FC-980A-6FBADE84F904}.Release|x86.ActiveCfg = Release|Win32
		{A3E95EEC-EBD3-41FC-980A-6FBADE84F904}.Release|x86.Build.0 = Release|Win32
		{237EE32B-A90C-450A-9C04-BBA26E5CB0C3}.Debug|x64.ActiveCfg = Debug|x64
		{237EE32B-A90C-450A-9C04-BBA26E5CB0C3}.Debug|x64.Build.0 = Debug|x64
		{237EE32B-A90C-450A-9C04-BBA26E5CB0C3}.Debug|x86.ActiveCfg = Debug|Win32
		{237EE32B-A90C-450A-9C04-BBA26E5CB0C3}.Debug|x86.Build.0 = Debug|Win32
		{237EE32B-A90C-450A-9C04-BBA26E5CB0C3}.Release|x64.ActiveCfg = Release|x64
		{237EE32B-A90C-450A-9C04-BBA26E5CB0C3}.Release|x64.Build.0 = Release|x64
		{237EE32B-A90C-450A-9C04-BBA26E5CB0C3}.Release|x86.ActiveCfg = Release|Win32
		{237EE32B-A90C-450A-9C04-BBA26E5CB0C3}.Release|x86.Build.0 = Release|Win32
	EndGlobalSection
	GlobalSection(SolutionProperties) = preSolution
		HideSolutionNode = FALSE
	EndGlobalSection
	GlobalSection(ExtensibilityGlobals) = postSolution
		SolutionGuid = {9A374F70-F820-491F-8525-F3899AB14A46}
	EndGlobalSection
EndGlobal
